<?xml version="1.0" encoding="utf-8"?>
<Project ToolsVersion="4.0" xmlns="http://schemas.microsoft.com/developer/msbuild/2003">
  <ItemGroup>
    <Filter Include="Source Files">
      <UniqueIdentifier>{4FC737F1-C7A5-4376-A066-2A32D752A2FF}</UniqueIdentifier>
      <Extensions>cpp;c;cc;cxx;def;odl;idl;hpj;bat;asm;asmx</Extensions>
    </Filter>
    <Filter Include="Header Files">
      <UniqueIdentifier>{93995380-89BD-4b04-88EB-625FBE52EBFB}</UniqueIdentifier>
      <Extensions>h;hpp;hxx;hm;inl;inc;xsd</Extensions>
    </Filter>
    <Filter Include="Resource Files">
      <UniqueIdentifier>{67DA6AB6-F800-4c08-8B7A-83BB121AAD01}</UniqueIdentifier>
      <Extensions>rc;ico;cur;bmp;dlg;rc2;rct;bin;rgs;gif;jpg;jpeg;jpe;resx;tiff;tif;png;wav;mfcribbon-ms</Extensions>
    </Filter>
    <Filter Include="SparkRenderer">
      <UniqueIdentifier>{6c23d8e2-b737-4be4-9fa1-756f07109cba}</UniqueIdentifier>
    </Filter>
    <Filter Include="widgets">
      <UniqueIdentifier>{f8df77db-9908-483f-97eb-ab878e826b81}</UniqueIdentifier>
    </Filter>
    <Filter Include="Line Renderer">
      <UniqueIdentifier>{816cdefb-1e38-4bb7-95e8-4be56b1d24ea}</UniqueIdentifier>
    </Filter>
  </ItemGroup>
  <ItemGroup>
    <ClInclude Include="stdafx.h">
      <Filter>Header Files</Filter>
    </ClInclude>
    <ClInclude Include="party_api.h">
      <Filter>Header Files</Filter>
    </ClInclude>
    <ClInclude Include="camera.h">
      <Filter>Header Files</Filter>
    </ClInclude>
    <ClInclude Include="sparkrenderer\SPK_DX9QuadRenderer.h">
      <Filter>SparkRenderer</Filter>
    </ClInclude>
    <ClInclude Include="sparkrenderer\SPK_DX9Renderer.h">
      <Filter>SparkRenderer</Filter>
    </ClInclude>
    <ClInclude Include="sparkrenderer\SPK_DX9BufferHandler.h">
      <Filter>SparkRenderer</Filter>
    </ClInclude>
    <ClInclude Include="sparkrenderer\SPK_DX9Info.h">
      <Filter>SparkRenderer</Filter>
    </ClInclude>
    <ClInclude Include="orientation_widget.h">
      <Filter>widgets</Filter>
    </ClInclude>
    <ClInclude Include="grid_widget.h">
      <Filter>widgets</Filter>
    </ClInclude>
    <ClInclude Include="line_renderer.h">
      <Filter>Line Renderer</Filter>
    </ClInclude>
    <ClInclude Include="aabox_widget.h">
      <Filter>widgets</Filter>
    </ClInclude>
    <ClInclude Include="sphere_widget.h">
      <Filter>widgets</Filter>
    </ClInclude>
  </ItemGroup>
  <ItemGroup>
    <ClCompile Include="party_api.cpp">
      <Filter>Source Files</Filter>
    </ClCompile>
    <ClCompile Include="camera.cpp">
      <Filter>Source Files</Filter>
    </ClCompile>
    <ClCompile Include="stdafx.cpp">
      <Filter>Source Files</Filter>
    </ClCompile>
    <ClCompile Include="sparkrenderer\SPK_DX9QuadRenderer.cpp">
      <Filter>SparkRenderer</Filter>
    </ClCompile>
    <ClCompile Include="sparkrenderer\SPK_DX9Renderer.cpp">
      <Filter>SparkRenderer</Filter>
    </ClCompile>
    <ClCompile Include="sparkrenderer\SPK_DX9BufferHandler.cpp">
      <Filter>SparkRenderer</Filter>
    </ClCompile>
    <ClCompile Include="sparkrenderer\SPK_DX9Info.cpp">
      <Filter>SparkRenderer</Filter>
    </ClCompile>
    <ClCompile Include="orientation_widget.cpp">
      <Filter>widgets</Filter>
    </ClCompile>
    <ClCompile Include="grid_widget.cpp">
      <Filter>widgets</Filter>
    </ClCompile>
    <ClCompile Include="line_renderer.cpp">
      <Filter>Line Renderer</Filter>
    </ClCompile>
    <ClCompile Include="aabox_widget.cpp">
      <Filter>widgets</Filter>
    </ClCompile>
    <ClCompile Include="sphere_widget.cpp">
      <Filter>widgets</Filter>
    </ClCompile>
  </ItemGroup>
</Project>